
Microsoft Visual Studio Solution File, Format Version 12.00
# Visual Studio Version 17
VisualStudioVersion = 17.7.34018.315
MinimumVisualStudioVersion = 10.0.40219.1
Project("{9A19103F-16F7-4668-BE54-9A1E7A4F7556}") = "Test-Anitnazim", "test2\Test-Anitnazim.csproj", "{F6F08D49-5D50-4506-B99B-577165BB46B2}"
EndProject
Project("{FAE04EC0-301F-11D3-BF4B-00C04F79EFBC}") = "Colorful", "Colorful\Colorful.csproj", "{CD981069-76D6-4764-926D-11288A5C5E98}"
EndProject
Global
	GlobalSection(SolutionConfigurationPlatforms) = preSolution
		Debug|Any CPU = Debug|Any CPU
		Release|Any CPU = Release|Any CPU
	EndGlobalSection
	GlobalSection(ProjectConfigurationPlatforms) = postSolution
		{F6F08D49-5D50-4506-B99B-577165BB46B2}.Debug|Any CPU.ActiveCfg = Debug|Any CPU
		{F6F08D49-5D50-4506-B99B-577165BB46B2}.Debug|Any CPU.Build.0 = Debug|Any CPU
		{F6F08D49-5D50-4506-B99B-577165BB46B2}.Release|Any CPU.ActiveCfg = Release|Any CPU
		{F6F08D49-5D50-4506-B99B-577165BB46B2}.Release|Any CPU.Build.0 = Release|Any CPU
		{CD981069-76D6-4764-926D-11288A5C5E98}.Debug|Any CPU.ActiveCfg = Debug|Any CPU
		{CD981069-76D6-4764-926D-11288A5C5E98}.Debug|Any CPU.Build.0 = Debug|Any CPU
		{CD981069-76D6-4764-926D-11288A5C5E98}.Release|Any CPU.ActiveCfg = Release|Any CPU
		{CD981069-76D6-4764-926D-11288A5C5E98}.Release|Any CPU.Build.0 = Release|Any CPU
	EndGlobalSection
	GlobalSection(SolutionProperties) = preSolution
		HideSolutionNode = FALSE
	EndGlobalSection
	GlobalSection(ExtensibilityGlobals) = postSolution
		SolutionGuid = {BB8DAE39-CDEE-481B-AC2C-BF0E92AEF975}
	EndGlobalSection
EndGlobal
